
Microsoft Visual Studio Solution File, Format Version 12.00
# Visual Studio Version 17
VisualStudioVersion = 17.4.33213.308
MinimumVisualStudioVersion = 10.0.40219.1
Project("{9A19103F-16F7-4668-BE54-9A1E7A4F7556}") = "MyFirstProgram", "MyFirstProgram\MyFirstProgram.csproj", "{CF1D4C01-A3B3-4628-88D1-F9AD49682837}"
EndProject
Project("{9A19103F-16F7-4668-BE54-9A1E7A4F7556}") = "NetCoreApps", "NetCoreApps\NetCoreApps.csproj", "{D27DE30C-CBEF-4FE1-B648-5569B2E2A7C3}"
EndProject
Project("{FAE04EC0-301F-11D3-BF4B-00C04F79EFBC}") = "APIProject", "APIProject\APIProject.csproj", "{8D2A7674-6999-4309-B350-B3F1FE4606D9}"
EndProject
Global
	GlobalSection(SolutionConfigurationPlatforms) = preSolution
		Debug|Any CPU = Debug|Any CPU
		Release|Any CPU = Release|Any CPU
	EndGlobalSection
	GlobalSection(ProjectConfigurationPlatforms) = postSolution
		{CF1D4C01-A3B3-4628-88D1-F9AD49682837}.Debug|Any CPU.ActiveCfg = Debug|Any CPU
		{CF1D4C01-A3B3-4628-88D1-F9AD49682837}.Debug|Any CPU.Build.0 = Debug|Any CPU
		{CF1D4C01-A3B3-4628-88D1-F9AD49682837}.Release|Any CPU.ActiveCfg = Release|Any CPU
		{CF1D4C01-A3B3-4628-88D1-F9AD49682837}.Release|Any CPU.Build.0 = Release|Any CPU
		{D27DE30C-CBEF-4FE1-B648-5569B2E2A7C3}.Debug|Any CPU.ActiveCfg = Debug|Any CPU
		{D27DE30C-CBEF-4FE1-B648-5569B2E2A7C3}.Debug|Any CPU.Build.0 = Debug|Any CPU
		{D27DE30C-CBEF-4FE1-B648-5569B2E2A7C3}.Release|Any CPU.ActiveCfg = Release|Any CPU
		{D27DE30C-CBEF-4FE1-B648-5569B2E2A7C3}.Release|Any CPU.Build.0 = Release|Any CPU
		{8D2A7674-6999-4309-B350-B3F1FE4606D9}.Debug|Any CPU.ActiveCfg = Debug|Any CPU
		{8D2A7674-6999-4309-B350-B3F1FE4606D9}.Debug|Any CPU.Build.0 = Debug|Any CPU
		{8D2A7674-6999-4309-B350-B3F1FE4606D9}.Release|Any CPU.ActiveCfg = Release|Any CPU
		{8D2A7674-6999-4309-B350-B3F1FE4606D9}.Release|Any CPU.Build.0 = Release|Any CPU
	EndGlobalSection
	GlobalSection(SolutionProperties) = preSolution
		HideSolutionNode = FALSE
	EndGlobalSection
	GlobalSection(ExtensibilityGlobals) = postSolution
		SolutionGuid = {2E720089-1EFE-457F-B1DC-1E26ED4E0D50}
	EndGlobalSection
EndGlobal
